{
  "name": "spacemouseflycam",
  "version": "0.2.0",
  "lockfileVersion": 1,
  "requires": true,
  "dependencies": {
    "@types/node": {
      "version": "7.10.0",
      "resolved": "https://registry.npmjs.org/@types/node/-/node-7.10.0.tgz",
      "integrity": "sha512-yF75IZxur7xs90zpmoE+ktRJGJIauORo4qblVFvfKTYSSBFRRWlrl2dO/tE4vetSS4KAvFumS+1thTf3mMZhaA=="
    }
  }
}
